
Microsoft Visual Studio Solution File, Format Version 12.00
# Visual Studio 15
VisualStudioVersion = 15.0.27428.2011
MinimumVisualStudioVersion = 10.0.40219.1
Project("{FAE04EC0-301F-11D3-BF4B-00C04F79EFBC}") = "Vivus.Core.Administration", "Vivus\Core.Administration\Vivus.Core.Administration.csproj", "{FA135821-1A81-40B4-959E-3A3F0795B992}"
EndProject
Project("{FAE04EC0-301F-11D3-BF4B-00C04F79EFBC}") = "Vivus.Core.DCPersonnel", "Vivus\Core.DCPersonnel\Vivus.Core.DCPersonnel.csproj", "{FED25EB6-82B1-467C-A657-0C1165B97B0D}"
EndProject
Project("{FAE04EC0-301F-11D3-BF4B-00C04F79EFBC}") = "Vivus.Core.Doctor", "Vivus\Core.Doctor\Vivus.Core.Doctor.csproj", "{8D510757-B687-4B46-B436-A8FE85E4DD3C}"
EndProject
Project("{FAE04EC0-301F-11D3-BF4B-00C04F79EFBC}") = "Vivus.Core.Donor", "Vivus\Core.Donor\Vivus.Core.Donor.csproj", "{DAFFC3FB-5AD6-42BA-8848-11135D8664EB}"
EndProject
Project("{FAE04EC0-301F-11D3-BF4B-00C04F79EFBC}") = "Vivus.Client.Core", "Vivus\Client.Core\Vivus.Client.Core.csproj", "{29FA88DE-FD27-4985-8BD0-12FAA5F2F645}"
EndProject
Project("{FAE04EC0-301F-11D3-BF4B-00C04F79EFBC}") = "Vivus.Core.Administration.UnitTests", "..\Test\Vivus.Core.Administration.UnitTests\Vivus.Core.Administration.UnitTests.csproj", "{D6143943-689F-4CFB-94DF-933F1297CC3D}"
EndProject
Project("{FAE04EC0-301F-11D3-BF4B-00C04F79EFBC}") = "Vivus.Core.PopulateDB", "Vivus\Core.PopulateDB\Vivus.Core.PopulateDB.csproj", "{831E532A-3285-4B2C-82A3-B0D469B3DA8C}"
EndProject
Project("{FAE04EC0-301F-11D3-BF4B-00C04F79EFBC}") = "Vivus.Core.UnitTests", "..\Test\Vivus.Core.UnitTests\Vivus.Core.UnitTests.csproj", "{C427DE44-82BE-4376-BCDF-BA7D001EF9CC}"
EndProject
Project("{FAE04EC0-301F-11D3-BF4B-00C04F79EFBC}") = "Vivus.Core.DCPersonnel.UnitTests", "..\Test\Vivus.Core.DCPersonnel.UnitTests\Vivus.Core.DCPersonnel.UnitTests.csproj", "{84DAC11C-7754-4448-BB99-6761B3241BDE}"
EndProject
Project("{FAE04EC0-301F-11D3-BF4B-00C04F79EFBC}") = "Vivus.Core.Doctor.UnitTests", "..\Test\Vivus.Core.Doctor.UnitTests\Vivus.Core.Doctor.UnitTests.csproj", "{D710EDB0-3F8D-493E-93E6-11409C135E94}"
EndProject
Project("{FAE04EC0-301F-11D3-BF4B-00C04F79EFBC}") = "Vivus.Core.Donor.UnitTests", "..\Test\Vivus.Core.Donor.UnitTests\Vivus.Core.Donor.UnitTests.csproj", "{D58F6152-D938-4A16-B1F7-6D60EAFAB8B2}"
EndProject
Global
	GlobalSection(SolutionConfigurationPlatforms) = preSolution
		Debug|Any CPU = Debug|Any CPU
		Release|Any CPU = Release|Any CPU
	EndGlobalSection
	GlobalSection(ProjectConfigurationPlatforms) = postSolution
		{FA135821-1A81-40B4-959E-3A3F0795B992}.Debug|Any CPU.ActiveCfg = Debug|Any CPU
		{FA135821-1A81-40B4-959E-3A3F0795B992}.Debug|Any CPU.Build.0 = Debug|Any CPU
		{FA135821-1A81-40B4-959E-3A3F0795B992}.Release|Any CPU.ActiveCfg = Release|Any CPU
		{FA135821-1A81-40B4-959E-3A3F0795B992}.Release|Any CPU.Build.0 = Release|Any CPU
		{FED25EB6-82B1-467C-A657-0C1165B97B0D}.Debug|Any CPU.ActiveCfg = Debug|Any CPU
		{FED25EB6-82B1-467C-A657-0C1165B97B0D}.Debug|Any CPU.Build.0 = Debug|Any CPU
		{FED25EB6-82B1-467C-A657-0C1165B97B0D}.Release|Any CPU.ActiveCfg = Release|Any CPU
		{FED25EB6-82B1-467C-A657-0C1165B97B0D}.Release|Any CPU.Build.0 = Release|Any CPU
		{8D510757-B687-4B46-B436-A8FE85E4DD3C}.Debug|Any CPU.ActiveCfg = Debug|Any CPU
		{8D510757-B687-4B46-B436-A8FE85E4DD3C}.Debug|Any CPU.Build.0 = Debug|Any CPU
		{8D510757-B687-4B46-B436-A8FE85E4DD3C}.Release|Any CPU.ActiveCfg = Release|Any CPU
		{8D510757-B687-4B46-B436-A8FE85E4DD3C}.Release|Any CPU.Build.0 = Release|Any CPU
		{DAFFC3FB-5AD6-42BA-8848-11135D8664EB}.Debug|Any CPU.ActiveCfg = Debug|Any CPU
		{DAFFC3FB-5AD6-42BA-8848-11135D8664EB}.Debug|Any CPU.Build.0 = Debug|Any CPU
		{DAFFC3FB-5AD6-42BA-8848-11135D8664EB}.Release|Any CPU.ActiveCfg = Release|Any CPU
		{DAFFC3FB-5AD6-42BA-8848-11135D8664EB}.Release|Any CPU.Build.0 = Release|Any CPU
		{29FA88DE-FD27-4985-8BD0-12FAA5F2F645}.Debug|Any CPU.ActiveCfg = Debug|Any CPU
		{29FA88DE-FD27-4985-8BD0-12FAA5F2F645}.Debug|Any CPU.Build.0 = Debug|Any CPU
		{29FA88DE-FD27-4985-8BD0-12FAA5F2F645}.Release|Any CPU.ActiveCfg = Release|Any CPU
		{29FA88DE-FD27-4985-8BD0-12FAA5F2F645}.Release|Any CPU.Build.0 = Release|Any CPU
		{D6143943-689F-4CFB-94DF-933F1297CC3D}.Debug|Any CPU.ActiveCfg = Debug|Any CPU
		{D6143943-689F-4CFB-94DF-933F1297CC3D}.Debug|Any CPU.Build.0 = Debug|Any CPU
		{D6143943-689F-4CFB-94DF-933F1297CC3D}.Release|Any CPU.ActiveCfg = Release|Any CPU
		{D6143943-689F-4CFB-94DF-933F1297CC3D}.Release|Any CPU.Build.0 = Release|Any CPU
		{831E532A-3285-4B2C-82A3-B0D469B3DA8C}.Debug|Any CPU.ActiveCfg = Debug|Any CPU
		{831E532A-3285-4B2C-82A3-B0D469B3DA8C}.Debug|Any CPU.Build.0 = Debug|Any CPU
		{831E532A-3285-4B2C-82A3-B0D469B3DA8C}.Release|Any CPU.ActiveCfg = Release|Any CPU
		{831E532A-3285-4B2C-82A3-B0D469B3DA8C}.Release|Any CPU.Build.0 = Release|Any CPU
		{C427DE44-82BE-4376-BCDF-BA7D001EF9CC}.Debug|Any CPU.ActiveCfg = Debug|Any CPU
		{C427DE44-82BE-4376-BCDF-BA7D001EF9CC}.Debug|Any CPU.Build.0 = Debug|Any CPU
		{C427DE44-82BE-4376-BCDF-BA7D001EF9CC}.Release|Any CPU.ActiveCfg = Release|Any CPU
		{C427DE44-82BE-4376-BCDF-BA7D001EF9CC}.Release|Any CPU.Build.0 = Release|Any CPU
		{84DAC11C-7754-4448-BB99-6761B3241BDE}.Debug|Any CPU.ActiveCfg = Debug|Any CPU
		{84DAC11C-7754-4448-BB99-6761B3241BDE}.Debug|Any CPU.Build.0 = Debug|Any CPU
		{84DAC11C-7754-4448-BB99-6761B3241BDE}.Release|Any CPU.ActiveCfg = Release|Any CPU
		{84DAC11C-7754-4448-BB99-6761B3241BDE}.Release|Any CPU.Build.0 = Release|Any CPU
		{D710EDB0-3F8D-493E-93E6-11409C135E94}.Debug|Any CPU.ActiveCfg = Debug|Any CPU
		{D710EDB0-3F8D-493E-93E6-11409C135E94}.Debug|Any CPU.Build.0 = Debug|Any CPU
		{D710EDB0-3F8D-493E-93E6-11409C135E94}.Release|Any CPU.ActiveCfg = Release|Any CPU
		{D710EDB0-3F8D-493E-93E6-11409C135E94}.Release|Any CPU.Build.0 = Release|Any CPU
		{D58F6152-D938-4A16-B1F7-6D60EAFAB8B2}.Debug|Any CPU.ActiveCfg = Debug|Any CPU
		{D58F6152-D938-4A16-B1F7-6D60EAFAB8B2}.Debug|Any CPU.Build.0 = Debug|Any CPU
		{D58F6152-D938-4A16-B1F7-6D60EAFAB8B2}.Release|Any CPU.ActiveCfg = Release|Any CPU
		{D58F6152-D938-4A16-B1F7-6D60EAFAB8B2}.Release|Any CPU.Build.0 = Release|Any CPU
	EndGlobalSection
	GlobalSection(SolutionProperties) = preSolution
		HideSolutionNode = FALSE
	EndGlobalSection
	GlobalSection(ExtensibilityGlobals) = postSolution
		SolutionGuid = {8120508D-9F3F-4747-AA2E-AF21571039C9}
	EndGlobalSection
EndGlobal
